
Microsoft Visual Studio Solution File, Format Version 12.00
# Visual Studio Version 17
VisualStudioVersion = 17.2.32630.192
MinimumVisualStudioVersion = 10.0.40219.1
Project("{FAE04EC0-301F-11D3-BF4B-00C04F79EFBC}") = "UnityExplorer", "UnityExplorer\UnityExplorer.csproj", "{AAA20DAF-B47B-47AD-8FB0-CE59FBBF57CE}"
EndProject
Project("{FAE04EC0-301F-11D3-BF4B-00C04F79EFBC}") = "UniverseLib", "UniverseLib\UniverseLib.csproj", "{B0C46F6F-B11D-4941-BB36-F249C85402E2}"
EndProject
Global
	GlobalSection(SolutionConfigurationPlatforms) = preSolution
		Debug|Any CPU = Debug|Any CPU
		Release|Any CPU = Release|Any CPU
	EndGlobalSection
	GlobalSection(ProjectConfigurationPlatforms) = postSolution
		{AAA20DAF-B47B-47AD-8FB0-CE59FBBF57CE}.Debug|Any CPU.ActiveCfg = Debug|Any CPU
		{AAA20DAF-B47B-47AD-8FB0-CE59FBBF57CE}.Debug|Any CPU.Build.0 = Debug|Any CPU
		{AAA20DAF-B47B-47AD-8FB0-CE59FBBF57CE}.Release|Any CPU.ActiveCfg = Release|Any CPU
		{AAA20DAF-B47B-47AD-8FB0-CE59FBBF57CE}.Release|Any CPU.Build.0 = Release|Any CPU
		{B0C46F6F-B11D-4941-BB36-F249C85402E2}.Debug|Any CPU.ActiveCfg = Debug|Any CPU
		{B0C46F6F-B11D-4941-BB36-F249C85402E2}.Debug|Any CPU.Build.0 = Debug|Any CPU
		{B0C46F6F-B11D-4941-BB36-F249C85402E2}.Release|Any CPU.ActiveCfg = Release|Any CPU
		{B0C46F6F-B11D-4941-BB36-F249C85402E2}.Release|Any CPU.Build.0 = Release|Any CPU
	EndGlobalSection
	GlobalSection(SolutionProperties) = preSolution
		HideSolutionNode = FALSE
	EndGlobalSection
	GlobalSection(ExtensibilityGlobals) = postSolution
		SolutionGuid = {228644A1-FB67-438D-9F22-9775D961234D}
	EndGlobalSection
EndGlobal
